{
  "name": "something-new",
  "version": "1.0.0",
  "lockfileVersion": 1,
  "requires": true,
  "dependencies": {
    "@await/spawn": {
      "version": "5.0.0",
      "resolved": "https://registry.npmjs.org/@await/spawn/-/spawn-5.0.0.tgz",
      "integrity": "sha1-RbrvKjJ7q2SpoWJic2WLmA8YHf4="
    },
    "uuid": {
      "version": "3.1.0",
      "resolved": "https://registry.npmjs.org/uuid/-/uuid-3.1.0.tgz",
      "integrity": "sha512-DIWtzUkw04M4k3bf1IcpS2tngXEL26YUD2M0tMDUpnUrz2hgzUBlD55a4FjdLGPvfHxS6uluGWvaVEqgBcVa+g=="
    }
  }
}
