{
  "name": "isomorphic-compile",
  "version": "1.0.0",
  "lockfileVersion": 1,
  "requires": true,
  "dependencies": {
    "arr-diff": {
      "version": "https://registry.npmjs.org/arr-diff/-/arr-diff-4.0.0.tgz",
      "integrity": "sha1-1kYQdP6/7HHn4VI1dhoyml3HxSA="
    },
    "arr-flatten": {
      "version": "https://registry.npmjs.org/arr-flatten/-/arr-flatten-1.1.0.tgz",
      "integrity": "sha1-NgSLv/TntH4TZkQxbJlmnqWukfE="
    },
    "arr-union": {
      "version": "https://registry.npmjs.org/arr-union/-/arr-union-3.1.0.tgz",
      "integrity": "sha1-45sJrqne+Gao8gbiiK9jkZuuOcQ="
    },
    "array-unique": {
      "version": "https://registry.npmjs.org/array-unique/-/array-unique-0.3.2.tgz",
      "integrity": "sha1-qJS3XUvE9s1nnvMkSp/Y9Gri1Cg="
    },
    "atob": {
      "version": "https://registry.npmjs.org/atob/-/atob-2.0.3.tgz",
      "integrity": "sha1-GcenYEc3dEaPILLS0DNyrX1Mv10="
    },
    "babel-helper-builder-react-jsx": {
      "version": "https://registry.npmjs.org/babel-helper-builder-react-jsx/-/babel-helper-builder-react-jsx-6.26.0.tgz",
      "integrity": "sha1-Of+DE7dci2Xc7/HzHTg+D/KkCKA=",
      "requires": {
        "babel-runtime": "https://registry.npmjs.org/babel-runtime/-/babel-runtime-6.26.0.tgz",
        "babel-types": "https://registry.npmjs.org/babel-types/-/babel-types-6.26.0.tgz",
        "esutils": "https://registry.npmjs.org/esutils/-/esutils-2.0.2.tgz"
      }
    },
    "babel-plugin-syntax-jsx": {
      "version": "https://registry.npmjs.org/babel-plugin-syntax-jsx/-/babel-plugin-syntax-jsx-6.18.0.tgz",
      "integrity": "sha1-CvMqmm4Tyno/1QaeYtew9Y0NiUY="
    },
    "babel-runtime": {
      "version": "https://registry.npmjs.org/babel-runtime/-/babel-runtime-6.26.0.tgz",
      "integrity": "sha1-llxwWGaOgrVde/4E/yM3vItWR/4=",
      "requires": {
        "core-js": "https://registry.npmjs.org/core-js/-/core-js-2.5.1.tgz",
        "regenerator-runtime": "https://registry.npmjs.org/regenerator-runtime/-/regenerator-runtime-0.11.0.tgz"
      }
    },
    "babel-types": {
      "version": "https://registry.npmjs.org/babel-types/-/babel-types-6.26.0.tgz",
      "integrity": "sha1-o7Bz+Uq0nrb6Vc1lInozQ4BjJJc=",
      "requires": {
        "babel-runtime": "https://registry.npmjs.org/babel-runtime/-/babel-runtime-6.26.0.tgz",
        "esutils": "https://registry.npmjs.org/esutils/-/esutils-2.0.2.tgz",
        "lodash": "https://registry.npmjs.org/lodash/-/lodash-4.17.4.tgz",
        "to-fast-properties": "https://registry.npmjs.org/to-fast-properties/-/to-fast-properties-1.0.3.tgz"
      }
    },
    "babylon": {
      "version": "https://registry.npmjs.org/babylon/-/babylon-6.18.0.tgz",
      "integrity": "sha1-ry87iPpvXB5MY00aD46sT1WzleM="
    },
    "base": {
      "version": "https://registry.npmjs.org/base/-/base-0.11.2.tgz",
      "integrity": "sha1-e95c7RRbbVUakNuH+DxVi060io8=",
      "requires": {
        "cache-base": "https://registry.npmjs.org/cache-base/-/cache-base-1.0.1.tgz",
        "class-utils": "https://registry.npmjs.org/class-utils/-/class-utils-0.3.5.tgz",
        "component-emitter": "https://registry.npmjs.org/component-emitter/-/component-emitter-1.2.1.tgz",
        "define-property": "https://registry.npmjs.org/define-property/-/define-property-1.0.0.tgz",
        "isobject": "https://registry.npmjs.org/isobject/-/isobject-3.0.1.tgz",
        "mixin-deep": "https://registry.npmjs.org/mixin-deep/-/mixin-deep-1.2.0.tgz",
        "pascalcase": "https://registry.npmjs.org/pascalcase/-/pascalcase-0.1.1.tgz"
      }
    },
    "braces": {
      "version": "https://registry.npmjs.org/braces/-/braces-2.3.0.tgz",
      "integrity": "sha1-pGlBy1+0khVrPWplbgbDU2Tj5m4=",
      "requires": {
        "arr-flatten": "https://registry.npmjs.org/arr-flatten/-/arr-flatten-1.1.0.tgz",
        "array-unique": "https://registry.npmjs.org/array-unique/-/array-unique-0.3.2.tgz",
        "define-property": "https://registry.npmjs.org/define-property/-/define-property-1.0.0.tgz",
        "extend-shallow": "https://registry.npmjs.org/extend-shallow/-/extend-shallow-2.0.1.tgz",
        "fill-range": "https://registry.npmjs.org/fill-range/-/fill-range-4.0.0.tgz",
        "isobject": "https://registry.npmjs.org/isobject/-/isobject-3.0.1.tgz",
        "repeat-element": "https://registry.npmjs.org/repeat-element/-/repeat-element-1.1.2.tgz",
        "snapdragon": "https://registry.npmjs.org/snapdragon/-/snapdragon-0.8.1.tgz",
        "snapdragon-node": "https://registry.npmjs.org/snapdragon-node/-/snapdragon-node-2.1.1.tgz",
        "split-string": "https://registry.npmjs.org/split-string/-/split-string-3.0.2.tgz",
        "to-regex": "https://registry.npmjs.org/to-regex/-/to-regex-3.0.1.tgz"
      }
    },
    "cache-base": {
      "version": "https://registry.npmjs.org/cache-base/-/cache-base-1.0.1.tgz",
      "integrity": "sha1-Cn9GQWgxyLZi7jb+TnxZ129marI=",
      "requires": {
        "collection-visit": "https://registry.npmjs.org/collection-visit/-/collection-visit-1.0.0.tgz",
        "component-emitter": "https://registry.npmjs.org/component-emitter/-/component-emitter-1.2.1.tgz",
        "get-value": "https://registry.npmjs.org/get-value/-/get-value-2.0.6.tgz",
        "has-value": "https://registry.npmjs.org/has-value/-/has-value-1.0.0.tgz",
        "isobject": "https://registry.npmjs.org/isobject/-/isobject-3.0.1.tgz",
        "set-value": "https://registry.npmjs.org/set-value/-/set-value-2.0.0.tgz",
        "to-object-path": "https://registry.npmjs.org/to-object-path/-/to-object-path-0.3.0.tgz",
        "union-value": "https://registry.npmjs.org/union-value/-/union-value-1.0.0.tgz",
        "unset-value": "https://registry.npmjs.org/unset-value/-/unset-value-1.0.0.tgz"
      }
    },
    "class-utils": {
      "version": "https://registry.npmjs.org/class-utils/-/class-utils-0.3.5.tgz",
      "integrity": "sha1-F+eTEDdQ+WJ7IXbqNM/RtWWQPIA=",
      "requires": {
        "arr-union": "https://registry.npmjs.org/arr-union/-/arr-union-3.1.0.tgz",
        "define-property": "https://registry.npmjs.org/define-property/-/define-property-0.2.5.tgz",
        "isobject": "https://registry.npmjs.org/isobject/-/isobject-3.0.1.tgz",
        "lazy-cache": "https://registry.npmjs.org/lazy-cache/-/lazy-cache-2.0.2.tgz",
        "static-extend": "https://registry.npmjs.org/static-extend/-/static-extend-0.1.2.tgz"
      },
      "dependencies": {
        "define-property": {
          "version": "https://registry.npmjs.org/define-property/-/define-property-0.2.5.tgz",
          "integrity": "sha1-w1se+RjsPJkPmlvFe+BKrOxcgRY=",
          "requires": {
            "is-descriptor": "https://registry.npmjs.org/is-descriptor/-/is-descriptor-0.1.6.tgz"
          }
        },
        "is-descriptor": {
          "version": "https://registry.npmjs.org/is-descriptor/-/is-descriptor-0.1.6.tgz",
          "integrity": "sha1-Nm2CQN3kh8pRgjsaufB6EKeCUco=",
          "requires": {
            "is-accessor-descriptor": "https://registry.npmjs.org/is-accessor-descriptor/-/is-accessor-descriptor-0.1.6.tgz",
            "is-data-descriptor": "https://registry.npmjs.org/is-data-descriptor/-/is-data-descriptor-0.1.4.tgz",
            "kind-of": "https://registry.npmjs.org/kind-of/-/kind-of-5.1.0.tgz"
          }
        },
        "kind-of": {
          "version": "https://registry.npmjs.org/kind-of/-/kind-of-5.1.0.tgz",
          "integrity": "sha1-cpyR4thXt6QZofmqZWhcTDP1hF0="
        }
      }
    },
    "collection-visit": {
      "version": "https://registry.npmjs.org/collection-visit/-/collection-visit-1.0.0.tgz",
      "integrity": "sha1-S8A3PBZLwykbTTaMgpzxqApZ3KA=",
      "requires": {
        "map-visit": "https://registry.npmjs.org/map-visit/-/map-visit-1.0.0.tgz",
        "object-visit": "https://registry.npmjs.org/object-visit/-/object-visit-1.0.1.tgz"
      }
    },
    "commander": {
      "version": "https://registry.npmjs.org/commander/-/commander-2.11.0.tgz",
      "integrity": "sha1-FXFS/R56bI2YpbcVzzdt+SgARWM="
    },
    "component-emitter": {
      "version": "https://registry.npmjs.org/component-emitter/-/component-emitter-1.2.1.tgz",
      "integrity": "sha1-E3kY1teCg/ffemt8WmPhQOaUJeY="
    },
    "copy-descriptor": {
      "version": "https://registry.npmjs.org/copy-descriptor/-/copy-descriptor-0.1.1.tgz",
      "integrity": "sha1-Z29us8OZl8LuGsOpJP1hJHSPV40="
    },
    "core-js": {
      "version": "https://registry.npmjs.org/core-js/-/core-js-2.5.1.tgz",
      "integrity": "sha1-rmh03GaTd4m4B1T/VCjfZoGcpQs="
    },
    "debug": {
      "version": "https://registry.npmjs.org/debug/-/debug-2.6.9.tgz",
      "integrity": "sha1-XRKFFd8TT/Mn6QpMk/Tgd6U2NB8=",
      "requires": {
        "ms": "https://registry.npmjs.org/ms/-/ms-2.0.0.tgz"
      }
    },
    "decode-uri-component": {
      "version": "https://registry.npmjs.org/decode-uri-component/-/decode-uri-component-0.2.0.tgz",
      "integrity": "sha1-6zkTMzRYd1y4TNGh+uBiEGu4dUU="
    },
    "define-property": {
      "version": "https://registry.npmjs.org/define-property/-/define-property-1.0.0.tgz",
      "integrity": "sha1-dp66rz9KY6rTr56NMEybvnm/sOY=",
      "requires": {
        "is-descriptor": "https://registry.npmjs.org/is-descriptor/-/is-descriptor-1.0.1.tgz"
      }
    },
    "esutils": {
      "version": "https://registry.npmjs.org/esutils/-/esutils-2.0.2.tgz",
      "integrity": "sha1-Cr9PHKpbyx96nYrMbepPqqBLrJs="
    },
    "expand-brackets": {
      "version": "https://registry.npmjs.org/expand-brackets/-/expand-brackets-2.1.4.tgz",
      "integrity": "sha1-t3c14xXOMPa27/D4OwQVGiJEliI=",
      "requires": {
        "debug": "https://registry.npmjs.org/debug/-/debug-2.6.9.tgz",
        "define-property": "https://registry.npmjs.org/define-property/-/define-property-0.2.5.tgz",
        "extend-shallow": "https://registry.npmjs.org/extend-shallow/-/extend-shallow-2.0.1.tgz",
        "posix-character-classes": "https://registry.npmjs.org/posix-character-classes/-/posix-character-classes-0.1.1.tgz",
        "regex-not": "https://registry.npmjs.org/regex-not/-/regex-not-1.0.0.tgz",
        "snapdragon": "https://registry.npmjs.org/snapdragon/-/snapdragon-0.8.1.tgz",
        "to-regex": "https://registry.npmjs.org/to-regex/-/to-regex-3.0.1.tgz"
      },
      "dependencies": {
        "define-property": {
          "version": "https://registry.npmjs.org/define-property/-/define-property-0.2.5.tgz",
          "integrity": "sha1-w1se+RjsPJkPmlvFe+BKrOxcgRY=",
          "requires": {
            "is-descriptor": "https://registry.npmjs.org/is-descriptor/-/is-descriptor-0.1.6.tgz"
          }
        },
        "is-descriptor": {
          "version": "https://registry.npmjs.org/is-descriptor/-/is-descriptor-0.1.6.tgz",
          "integrity": "sha1-Nm2CQN3kh8pRgjsaufB6EKeCUco=",
          "requires": {
            "is-accessor-descriptor": "https://registry.npmjs.org/is-accessor-descriptor/-/is-accessor-descriptor-0.1.6.tgz",
            "is-data-descriptor": "https://registry.npmjs.org/is-data-descriptor/-/is-data-descriptor-0.1.4.tgz",
            "kind-of": "https://registry.npmjs.org/kind-of/-/kind-of-5.1.0.tgz"
          }
        },
        "kind-of": {
          "version": "https://registry.npmjs.org/kind-of/-/kind-of-5.1.0.tgz",
          "integrity": "sha1-cpyR4thXt6QZofmqZWhcTDP1hF0="
        }
      }
    },
    "extend-shallow": {
      "version": "https://registry.npmjs.org/extend-shallow/-/extend-shallow-2.0.1.tgz",
      "integrity": "sha1-Ua99YUrZqfYQ6huvu5idaxxWiQ8=",
      "requires": {
        "is-extendable": "https://registry.npmjs.org/is-extendable/-/is-extendable-0.1.1.tgz"
      }
    },
    "extglob": {
      "version": "https://registry.npmjs.org/extglob/-/extglob-2.0.2.tgz",
      "integrity": "sha1-MpD0YgjbGy6OuL4MlO2eatgO2+I=",
      "requires": {
        "array-unique": "https://registry.npmjs.org/array-unique/-/array-unique-0.3.2.tgz",
        "define-property": "https://registry.npmjs.org/define-property/-/define-property-1.0.0.tgz",
        "expand-brackets": "https://registry.npmjs.org/expand-brackets/-/expand-brackets-2.1.4.tgz",
        "extend-shallow": "https://registry.npmjs.org/extend-shallow/-/extend-shallow-2.0.1.tgz",
        "fragment-cache": "https://registry.npmjs.org/fragment-cache/-/fragment-cache-0.2.1.tgz",
        "regex-not": "https://registry.npmjs.org/regex-not/-/regex-not-1.0.0.tgz",
        "snapdragon": "https://registry.npmjs.org/snapdragon/-/snapdragon-0.8.1.tgz",
        "to-regex": "https://registry.npmjs.org/to-regex/-/to-regex-3.0.1.tgz"
      }
    },
    "fill-range": {
      "version": "https://registry.npmjs.org/fill-range/-/fill-range-4.0.0.tgz",
      "integrity": "sha1-1USBHUKPmOsGpj3EAtJAPDKMOPc=",
      "requires": {
        "extend-shallow": "https://registry.npmjs.org/extend-shallow/-/extend-shallow-2.0.1.tgz",
        "is-number": "https://registry.npmjs.org/is-number/-/is-number-3.0.0.tgz",
        "repeat-string": "https://registry.npmjs.org/repeat-string/-/repeat-string-1.6.1.tgz",
        "to-regex-range": "https://registry.npmjs.org/to-regex-range/-/to-regex-range-2.1.1.tgz"
      }
    },
    "for-in": {
      "version": "https://registry.npmjs.org/for-in/-/for-in-1.0.2.tgz",
      "integrity": "sha1-gQaNKVqBQuwKxybG4iAMMPttXoA="
    },
    "fragment-cache": {
      "version": "https://registry.npmjs.org/fragment-cache/-/fragment-cache-0.2.1.tgz",
      "integrity": "sha1-QpD60n8T6Jvn8zeZxrxaCr//DRk=",
      "requires": {
        "map-cache": "https://registry.npmjs.org/map-cache/-/map-cache-0.2.2.tgz"
      }
    },
    "generic-jsx": {
      "version": "18.0.0-beta.3",
      "resolved": "https://registry.npmjs.org/generic-jsx/-/generic-jsx-18.0.0-beta.3.tgz",
      "integrity": "sha1-Qbtq6wmyOELjr2gMB6jv+RcO8qw=",
      "requires": {
        "babel-helper-builder-react-jsx": "https://registry.npmjs.org/babel-helper-builder-react-jsx/-/babel-helper-builder-react-jsx-6.26.0.tgz",
        "babel-plugin-syntax-jsx": "https://registry.npmjs.org/babel-plugin-syntax-jsx/-/babel-plugin-syntax-jsx-6.18.0.tgz",
        "babylon": "https://registry.npmjs.org/babylon/-/babylon-6.18.0.tgz"
      }
    },
    "get-value": {
      "version": "https://registry.npmjs.org/get-value/-/get-value-2.0.6.tgz",
      "integrity": "sha1-3BXKHGcjh8p2vTesCjlbogQqLCg="
    },
    "has-value": {
      "version": "https://registry.npmjs.org/has-value/-/has-value-1.0.0.tgz",
      "integrity": "sha1-GLKB2lhbHFxR3vJMkw7SmgvmsXc=",
      "requires": {
        "get-value": "https://registry.npmjs.org/get-value/-/get-value-2.0.6.tgz",
        "has-values": "https://registry.npmjs.org/has-values/-/has-values-1.0.0.tgz",
        "isobject": "https://registry.npmjs.org/isobject/-/isobject-3.0.1.tgz"
      }
    },
    "has-values": {
      "version": "https://registry.npmjs.org/has-values/-/has-values-1.0.0.tgz",
      "integrity": "sha1-lbC2P+whRmGab+V/51Yo1aOe/k8=",
      "requires": {
        "is-number": "https://registry.npmjs.org/is-number/-/is-number-3.0.0.tgz",
        "kind-of": "https://registry.npmjs.org/kind-of/-/kind-of-4.0.0.tgz"
      },
      "dependencies": {
        "kind-of": {
          "version": "https://registry.npmjs.org/kind-of/-/kind-of-4.0.0.tgz",
          "integrity": "sha1-IIE989cSkosgc3hpGkUGb65y3Vc=",
          "requires": {
            "is-buffer": "https://registry.npmjs.org/is-buffer/-/is-buffer-1.1.5.tgz"
          }
        }
      }
    },
    "is-accessor-descriptor": {
      "version": "https://registry.npmjs.org/is-accessor-descriptor/-/is-accessor-descriptor-0.1.6.tgz",
      "integrity": "sha1-qeEss66Nh2cn7u84Q/igiXtcmNY=",
      "requires": {
        "kind-of": "https://registry.npmjs.org/kind-of/-/kind-of-3.2.2.tgz"
      },
      "dependencies": {
        "kind-of": {
          "version": "https://registry.npmjs.org/kind-of/-/kind-of-3.2.2.tgz",
          "integrity": "sha1-MeohpzS6ubuw8yRm2JOupR5KPGQ=",
          "requires": {
            "is-buffer": "https://registry.npmjs.org/is-buffer/-/is-buffer-1.1.5.tgz"
          }
        }
      }
    },
    "is-buffer": {
      "version": "https://registry.npmjs.org/is-buffer/-/is-buffer-1.1.5.tgz",
      "integrity": "sha1-Hzsm72E7IUuIy8ojzGwB2Hlh7sw="
    },
    "is-data-descriptor": {
      "version": "https://registry.npmjs.org/is-data-descriptor/-/is-data-descriptor-0.1.4.tgz",
      "integrity": "sha1-C17mSDiOLIYCgueT8YVv7D8wG1Y=",
      "requires": {
        "kind-of": "https://registry.npmjs.org/kind-of/-/kind-of-3.2.2.tgz"
      },
      "dependencies": {
        "kind-of": {
          "version": "https://registry.npmjs.org/kind-of/-/kind-of-3.2.2.tgz",
          "integrity": "sha1-MeohpzS6ubuw8yRm2JOupR5KPGQ=",
          "requires": {
            "is-buffer": "https://registry.npmjs.org/is-buffer/-/is-buffer-1.1.5.tgz"
          }
        }
      }
    },
    "is-descriptor": {
      "version": "https://registry.npmjs.org/is-descriptor/-/is-descriptor-1.0.1.tgz",
      "integrity": "sha1-LGAjWZveLenV0si5qdlAggNrbvI=",
      "requires": {
        "is-accessor-descriptor": "https://registry.npmjs.org/is-accessor-descriptor/-/is-accessor-descriptor-0.1.6.tgz",
        "is-data-descriptor": "https://registry.npmjs.org/is-data-descriptor/-/is-data-descriptor-0.1.4.tgz",
        "kind-of": "https://registry.npmjs.org/kind-of/-/kind-of-5.1.0.tgz"
      },
      "dependencies": {
        "kind-of": {
          "version": "https://registry.npmjs.org/kind-of/-/kind-of-5.1.0.tgz",
          "integrity": "sha1-cpyR4thXt6QZofmqZWhcTDP1hF0="
        }
      }
    },
    "is-extendable": {
      "version": "https://registry.npmjs.org/is-extendable/-/is-extendable-0.1.1.tgz",
      "integrity": "sha1-YrEQ4omkcUGOPsNqYX1HLjAd/Ik="
    },
    "is-number": {
      "version": "https://registry.npmjs.org/is-number/-/is-number-3.0.0.tgz",
      "integrity": "sha1-JP1iAaR4LPUFYcgQJ2r8fRLXEZU=",
      "requires": {
        "kind-of": "https://registry.npmjs.org/kind-of/-/kind-of-3.2.2.tgz"
      },
      "dependencies": {
        "kind-of": {
          "version": "https://registry.npmjs.org/kind-of/-/kind-of-3.2.2.tgz",
          "integrity": "sha1-MeohpzS6ubuw8yRm2JOupR5KPGQ=",
          "requires": {
            "is-buffer": "https://registry.npmjs.org/is-buffer/-/is-buffer-1.1.5.tgz"
          }
        }
      }
    },
    "is-odd": {
      "version": "https://registry.npmjs.org/is-odd/-/is-odd-1.0.0.tgz",
      "integrity": "sha1-O4qTLrAos3dcObsJ6RdnrM22kIg=",
      "requires": {
        "is-number": "https://registry.npmjs.org/is-number/-/is-number-3.0.0.tgz"
      }
    },
    "is-plain-object": {
      "version": "https://registry.npmjs.org/is-plain-object/-/is-plain-object-2.0.4.tgz",
      "integrity": "sha1-LBY7P6+xtgbZ0Xko8FwqHDjgdnc=",
      "requires": {
        "isobject": "https://registry.npmjs.org/isobject/-/isobject-3.0.1.tgz"
      }
    },
    "isarray": {
      "version": "https://registry.npmjs.org/isarray/-/isarray-1.0.0.tgz",
      "integrity": "sha1-u5NdSFgsuhaMBoNJV6VKPgcSTxE="
    },
    "isobject": {
      "version": "https://registry.npmjs.org/isobject/-/isobject-3.0.1.tgz",
      "integrity": "sha1-TkMekrEalzFjaqH5yNHMvP2reN8="
    },
    "kind-of": {
      "version": "https://registry.npmjs.org/kind-of/-/kind-of-6.0.0.tgz",
      "integrity": "sha1-Ngbp4vqWDn3aqImMA4BOR+XWZkQ="
    },
    "lazy-cache": {
      "version": "https://registry.npmjs.org/lazy-cache/-/lazy-cache-2.0.2.tgz",
      "integrity": "sha1-uRkKT5EzVGlIQIWfio9whNiCImQ=",
      "requires": {
        "set-getter": "https://registry.npmjs.org/set-getter/-/set-getter-0.1.0.tgz"
      }
    },
    "lodash": {
      "version": "https://registry.npmjs.org/lodash/-/lodash-4.17.4.tgz",
      "integrity": "sha1-eCA6TRwyiuHYbcpkYONptX9AVa4="
    },
    "map-cache": {
      "version": "https://registry.npmjs.org/map-cache/-/map-cache-0.2.2.tgz",
      "integrity": "sha1-wyq9C9ZSXZsFFkW7TyasXcmKDb8="
    },
    "map-visit": {
      "version": "https://registry.npmjs.org/map-visit/-/map-visit-1.0.0.tgz",
      "integrity": "sha1-7Nyo8TFE5mDxtb1B8S80edmN+48=",
      "requires": {
        "object-visit": "https://registry.npmjs.org/object-visit/-/object-visit-1.0.1.tgz"
      }
    },
    "micromatch": {
      "version": "https://registry.npmjs.org/micromatch/-/micromatch-3.1.3.tgz",
      "integrity": "sha1-rh7lKv+cmQqD/4+2mJGuuihHyF8=",
      "requires": {
        "arr-diff": "https://registry.npmjs.org/arr-diff/-/arr-diff-4.0.0.tgz",
        "array-unique": "https://registry.npmjs.org/array-unique/-/array-unique-0.3.2.tgz",
        "braces": "https://registry.npmjs.org/braces/-/braces-2.3.0.tgz",
        "define-property": "https://registry.npmjs.org/define-property/-/define-property-1.0.0.tgz",
        "extend-shallow": "https://registry.npmjs.org/extend-shallow/-/extend-shallow-2.0.1.tgz",
        "extglob": "https://registry.npmjs.org/extglob/-/extglob-2.0.2.tgz",
        "fragment-cache": "https://registry.npmjs.org/fragment-cache/-/fragment-cache-0.2.1.tgz",
        "kind-of": "https://registry.npmjs.org/kind-of/-/kind-of-6.0.0.tgz",
        "nanomatch": "https://registry.npmjs.org/nanomatch/-/nanomatch-1.2.5.tgz",
        "object.pick": "https://registry.npmjs.org/object.pick/-/object.pick-1.3.0.tgz",
        "regex-not": "https://registry.npmjs.org/regex-not/-/regex-not-1.0.0.tgz",
        "snapdragon": "https://registry.npmjs.org/snapdragon/-/snapdragon-0.8.1.tgz",
        "to-regex": "https://registry.npmjs.org/to-regex/-/to-regex-3.0.1.tgz"
      }
    },
    "mixin-deep": {
      "version": "https://registry.npmjs.org/mixin-deep/-/mixin-deep-1.2.0.tgz",
      "integrity": "sha1-0CuMb4ttS49ZgtP9AJxJGYUcP+I=",
      "requires": {
        "for-in": "https://registry.npmjs.org/for-in/-/for-in-1.0.2.tgz",
        "is-extendable": "https://registry.npmjs.org/is-extendable/-/is-extendable-0.1.1.tgz"
      }
    },
    "ms": {
      "version": "https://registry.npmjs.org/ms/-/ms-2.0.0.tgz",
      "integrity": "sha1-VgiurfwAvmwpAd9fmGF4jeDVl8g="
    },
    "nanomatch": {
      "version": "https://registry.npmjs.org/nanomatch/-/nanomatch-1.2.5.tgz",
      "integrity": "sha1-XJqwJHXHZnYnVzGwvwpzlcYkqcQ=",
      "requires": {
        "arr-diff": "https://registry.npmjs.org/arr-diff/-/arr-diff-4.0.0.tgz",
        "array-unique": "https://registry.npmjs.org/array-unique/-/array-unique-0.3.2.tgz",
        "define-property": "https://registry.npmjs.org/define-property/-/define-property-1.0.0.tgz",
        "extend-shallow": "https://registry.npmjs.org/extend-shallow/-/extend-shallow-2.0.1.tgz",
        "fragment-cache": "https://registry.npmjs.org/fragment-cache/-/fragment-cache-0.2.1.tgz",
        "is-odd": "https://registry.npmjs.org/is-odd/-/is-odd-1.0.0.tgz",
        "kind-of": "https://registry.npmjs.org/kind-of/-/kind-of-5.1.0.tgz",
        "object.pick": "https://registry.npmjs.org/object.pick/-/object.pick-1.3.0.tgz",
        "regex-not": "https://registry.npmjs.org/regex-not/-/regex-not-1.0.0.tgz",
        "snapdragon": "https://registry.npmjs.org/snapdragon/-/snapdragon-0.8.1.tgz",
        "to-regex": "https://registry.npmjs.org/to-regex/-/to-regex-3.0.1.tgz"
      },
      "dependencies": {
        "kind-of": {
          "version": "https://registry.npmjs.org/kind-of/-/kind-of-5.1.0.tgz",
          "integrity": "sha1-cpyR4thXt6QZofmqZWhcTDP1hF0="
        }
      }
    },
    "object-copy": {
      "version": "https://registry.npmjs.org/object-copy/-/object-copy-0.1.0.tgz",
      "integrity": "sha1-fn2Fi3gb18mRpBupde04EnVOmYw=",
      "requires": {
        "copy-descriptor": "https://registry.npmjs.org/copy-descriptor/-/copy-descriptor-0.1.1.tgz",
        "define-property": "https://registry.npmjs.org/define-property/-/define-property-0.2.5.tgz",
        "kind-of": "https://registry.npmjs.org/kind-of/-/kind-of-3.2.2.tgz"
      },
      "dependencies": {
        "define-property": {
          "version": "https://registry.npmjs.org/define-property/-/define-property-0.2.5.tgz",
          "integrity": "sha1-w1se+RjsPJkPmlvFe+BKrOxcgRY=",
          "requires": {
            "is-descriptor": "https://registry.npmjs.org/is-descriptor/-/is-descriptor-0.1.6.tgz"
          }
        },
        "is-descriptor": {
          "version": "https://registry.npmjs.org/is-descriptor/-/is-descriptor-0.1.6.tgz",
          "integrity": "sha1-Nm2CQN3kh8pRgjsaufB6EKeCUco=",
          "requires": {
            "is-accessor-descriptor": "https://registry.npmjs.org/is-accessor-descriptor/-/is-accessor-descriptor-0.1.6.tgz",
            "is-data-descriptor": "https://registry.npmjs.org/is-data-descriptor/-/is-data-descriptor-0.1.4.tgz",
            "kind-of": "https://registry.npmjs.org/kind-of/-/kind-of-5.1.0.tgz"
          },
          "dependencies": {
            "kind-of": {
              "version": "https://registry.npmjs.org/kind-of/-/kind-of-5.1.0.tgz",
              "integrity": "sha1-cpyR4thXt6QZofmqZWhcTDP1hF0="
            }
          }
        },
        "kind-of": {
          "version": "https://registry.npmjs.org/kind-of/-/kind-of-3.2.2.tgz",
          "integrity": "sha1-MeohpzS6ubuw8yRm2JOupR5KPGQ=",
          "requires": {
            "is-buffer": "https://registry.npmjs.org/is-buffer/-/is-buffer-1.1.5.tgz"
          }
        }
      }
    },
    "object-visit": {
      "version": "https://registry.npmjs.org/object-visit/-/object-visit-1.0.1.tgz",
      "integrity": "sha1-95xEk68MU3e1n+OdOV5BBC3QRbs=",
      "requires": {
        "isobject": "https://registry.npmjs.org/isobject/-/isobject-3.0.1.tgz"
      }
    },
    "object.pick": {
      "version": "https://registry.npmjs.org/object.pick/-/object.pick-1.3.0.tgz",
      "integrity": "sha1-h6EKxMFpS9Lhy/U1kaZhQftd10c=",
      "requires": {
        "isobject": "https://registry.npmjs.org/isobject/-/isobject-3.0.1.tgz"
      }
    },
    "pascalcase": {
      "version": "https://registry.npmjs.org/pascalcase/-/pascalcase-0.1.1.tgz",
      "integrity": "sha1-s2PlXoAGym/iF4TS2yK9FdeRfxQ="
    },
    "posix-character-classes": {
      "version": "https://registry.npmjs.org/posix-character-classes/-/posix-character-classes-0.1.1.tgz",
      "integrity": "sha1-AerA/jta9xoqbAL+q7jB/vfgDqs="
    },
    "regenerator-runtime": {
      "version": "https://registry.npmjs.org/regenerator-runtime/-/regenerator-runtime-0.11.0.tgz",
      "integrity": "sha1-flT+W1zNXWYk6mJVw0c74JC4AuE="
    },
    "regex-not": {
      "version": "https://registry.npmjs.org/regex-not/-/regex-not-1.0.0.tgz",
      "integrity": "sha1-Qvg+OXcWIt+CawKvF2Ul1qXxV/k=",
      "requires": {
        "extend-shallow": "https://registry.npmjs.org/extend-shallow/-/extend-shallow-2.0.1.tgz"
      }
    },
    "repeat-element": {
      "version": "https://registry.npmjs.org/repeat-element/-/repeat-element-1.1.2.tgz",
      "integrity": "sha1-7wiaF40Ug7quTZPrmLT55OEdmQo="
    },
    "repeat-string": {
      "version": "https://registry.npmjs.org/repeat-string/-/repeat-string-1.6.1.tgz",
      "integrity": "sha1-jcrkcOHIirwtYA//Sndihtp15jc="
    },
    "resolve-url": {
      "version": "https://registry.npmjs.org/resolve-url/-/resolve-url-0.2.1.tgz",
      "integrity": "sha1-LGN/53yJOv0qZj/iGqkIAGjiBSo="
    },
    "route-parser": {
      "version": "0.0.5",
      "resolved": "https://registry.npmjs.org/route-parser/-/route-parser-0.0.5.tgz",
      "integrity": "sha1-fR0J0zXkkJQDHqFpkaSnmwG74fQ="
    },
    "semver": {
      "version": "https://registry.npmjs.org/semver/-/semver-5.4.1.tgz",
      "integrity": "sha1-4FnAnYVx8FQII3M0M1BdOi8AsY4="
    },
    "set-getter": {
      "version": "https://registry.npmjs.org/set-getter/-/set-getter-0.1.0.tgz",
      "integrity": "sha1-12nBgsnVpR9AkUXy+6guXoboA3Y=",
      "requires": {
        "to-object-path": "https://registry.npmjs.org/to-object-path/-/to-object-path-0.3.0.tgz"
      }
    },
    "set-value": {
      "version": "https://registry.npmjs.org/set-value/-/set-value-2.0.0.tgz",
      "integrity": "sha1-ca5KiPD+77v1LR6mBPP7MV67YnQ=",
      "requires": {
        "extend-shallow": "https://registry.npmjs.org/extend-shallow/-/extend-shallow-2.0.1.tgz",
        "is-extendable": "https://registry.npmjs.org/is-extendable/-/is-extendable-0.1.1.tgz",
        "is-plain-object": "https://registry.npmjs.org/is-plain-object/-/is-plain-object-2.0.4.tgz",
        "split-string": "https://registry.npmjs.org/split-string/-/split-string-3.0.2.tgz"
      }
    },
    "snapdragon": {
      "version": "https://registry.npmjs.org/snapdragon/-/snapdragon-0.8.1.tgz",
      "integrity": "sha1-4StUh/re0+PeoKyR6UAL91tAE3A=",
      "requires": {
        "base": "https://registry.npmjs.org/base/-/base-0.11.2.tgz",
        "debug": "https://registry.npmjs.org/debug/-/debug-2.6.9.tgz",
        "define-property": "https://registry.npmjs.org/define-property/-/define-property-0.2.5.tgz",
        "extend-shallow": "https://registry.npmjs.org/extend-shallow/-/extend-shallow-2.0.1.tgz",
        "map-cache": "https://registry.npmjs.org/map-cache/-/map-cache-0.2.2.tgz",
        "source-map": "https://registry.npmjs.org/source-map/-/source-map-0.5.7.tgz",
        "source-map-resolve": "https://registry.npmjs.org/source-map-resolve/-/source-map-resolve-0.5.1.tgz",
        "use": "https://registry.npmjs.org/use/-/use-2.0.2.tgz"
      },
      "dependencies": {
        "define-property": {
          "version": "https://registry.npmjs.org/define-property/-/define-property-0.2.5.tgz",
          "integrity": "sha1-w1se+RjsPJkPmlvFe+BKrOxcgRY=",
          "requires": {
            "is-descriptor": "https://registry.npmjs.org/is-descriptor/-/is-descriptor-0.1.6.tgz"
          }
        },
        "is-descriptor": {
          "version": "https://registry.npmjs.org/is-descriptor/-/is-descriptor-0.1.6.tgz",
          "integrity": "sha1-Nm2CQN3kh8pRgjsaufB6EKeCUco=",
          "requires": {
            "is-accessor-descriptor": "https://registry.npmjs.org/is-accessor-descriptor/-/is-accessor-descriptor-0.1.6.tgz",
            "is-data-descriptor": "https://registry.npmjs.org/is-data-descriptor/-/is-data-descriptor-0.1.4.tgz",
            "kind-of": "https://registry.npmjs.org/kind-of/-/kind-of-5.1.0.tgz"
          }
        },
        "kind-of": {
          "version": "https://registry.npmjs.org/kind-of/-/kind-of-5.1.0.tgz",
          "integrity": "sha1-cpyR4thXt6QZofmqZWhcTDP1hF0="
        },
        "source-map": {
          "version": "https://registry.npmjs.org/source-map/-/source-map-0.5.7.tgz",
          "integrity": "sha1-igOdLRAh0i0eoUyA2OpGi6LvP8w="
        }
      }
    },
    "snapdragon-node": {
      "version": "https://registry.npmjs.org/snapdragon-node/-/snapdragon-node-2.1.1.tgz",
      "integrity": "sha1-bBdfhv8UvbByRWPo88GwIaKGhTs=",
      "requires": {
        "define-property": "https://registry.npmjs.org/define-property/-/define-property-1.0.0.tgz",
        "isobject": "https://registry.npmjs.org/isobject/-/isobject-3.0.1.tgz",
        "snapdragon-util": "https://registry.npmjs.org/snapdragon-util/-/snapdragon-util-3.0.1.tgz"
      }
    },
    "snapdragon-util": {
      "version": "https://registry.npmjs.org/snapdragon-util/-/snapdragon-util-3.0.1.tgz",
      "integrity": "sha1-+VZHlIbyrNeXAGk/b3uAXkWrVuI=",
      "requires": {
        "kind-of": "https://registry.npmjs.org/kind-of/-/kind-of-3.2.2.tgz"
      },
      "dependencies": {
        "kind-of": {
          "version": "https://registry.npmjs.org/kind-of/-/kind-of-3.2.2.tgz",
          "integrity": "sha1-MeohpzS6ubuw8yRm2JOupR5KPGQ=",
          "requires": {
            "is-buffer": "https://registry.npmjs.org/is-buffer/-/is-buffer-1.1.5.tgz"
          }
        }
      }
    },
    "source-map-resolve": {
      "version": "https://registry.npmjs.org/source-map-resolve/-/source-map-resolve-0.5.1.tgz",
      "integrity": "sha1-etD1k/IoFZjoVN+A8ZquS5LXoRo=",
      "requires": {
        "atob": "https://registry.npmjs.org/atob/-/atob-2.0.3.tgz",
        "decode-uri-component": "https://registry.npmjs.org/decode-uri-component/-/decode-uri-component-0.2.0.tgz",
        "resolve-url": "https://registry.npmjs.org/resolve-url/-/resolve-url-0.2.1.tgz",
        "source-map-url": "https://registry.npmjs.org/source-map-url/-/source-map-url-0.4.0.tgz",
        "urix": "https://registry.npmjs.org/urix/-/urix-0.1.0.tgz"
      }
    },
    "source-map-url": {
      "version": "https://registry.npmjs.org/source-map-url/-/source-map-url-0.4.0.tgz",
      "integrity": "sha1-PpNdfd1zYxuXZZlW1VEo6HtQhKM="
    },
    "split-string": {
      "version": "https://registry.npmjs.org/split-string/-/split-string-3.0.2.tgz",
      "integrity": "sha1-YSm8knMXFuWqH7c8MzB48LfBFMg=",
      "requires": {
        "extend-shallow": "https://registry.npmjs.org/extend-shallow/-/extend-shallow-2.0.1.tgz"
      }
    },
    "static-extend": {
      "version": "https://registry.npmjs.org/static-extend/-/static-extend-0.1.2.tgz",
      "integrity": "sha1-YICcOcv/VTNyJv1eC1IPNB8ftcY=",
      "requires": {
        "define-property": "https://registry.npmjs.org/define-property/-/define-property-0.2.5.tgz",
        "object-copy": "https://registry.npmjs.org/object-copy/-/object-copy-0.1.0.tgz"
      },
      "dependencies": {
        "define-property": {
          "version": "https://registry.npmjs.org/define-property/-/define-property-0.2.5.tgz",
          "integrity": "sha1-w1se+RjsPJkPmlvFe+BKrOxcgRY=",
          "requires": {
            "is-descriptor": "https://registry.npmjs.org/is-descriptor/-/is-descriptor-0.1.6.tgz"
          }
        },
        "is-descriptor": {
          "version": "https://registry.npmjs.org/is-descriptor/-/is-descriptor-0.1.6.tgz",
          "integrity": "sha1-Nm2CQN3kh8pRgjsaufB6EKeCUco=",
          "requires": {
            "is-accessor-descriptor": "https://registry.npmjs.org/is-accessor-descriptor/-/is-accessor-descriptor-0.1.6.tgz",
            "is-data-descriptor": "https://registry.npmjs.org/is-data-descriptor/-/is-data-descriptor-0.1.4.tgz",
            "kind-of": "https://registry.npmjs.org/kind-of/-/kind-of-5.1.0.tgz"
          }
        },
        "kind-of": {
          "version": "https://registry.npmjs.org/kind-of/-/kind-of-5.1.0.tgz",
          "integrity": "sha1-cpyR4thXt6QZofmqZWhcTDP1hF0="
        }
      }
    },
    "to-fast-properties": {
      "version": "https://registry.npmjs.org/to-fast-properties/-/to-fast-properties-1.0.3.tgz",
      "integrity": "sha1-uDVx+k2MJbguIxsG46MFXeTKGkc="
    },
    "to-object-path": {
      "version": "https://registry.npmjs.org/to-object-path/-/to-object-path-0.3.0.tgz",
      "integrity": "sha1-KXWIt7Dn4KwI4E5nL4XB9JmeF68=",
      "requires": {
        "kind-of": "https://registry.npmjs.org/kind-of/-/kind-of-3.2.2.tgz"
      },
      "dependencies": {
        "kind-of": {
          "version": "https://registry.npmjs.org/kind-of/-/kind-of-3.2.2.tgz",
          "integrity": "sha1-MeohpzS6ubuw8yRm2JOupR5KPGQ=",
          "requires": {
            "is-buffer": "https://registry.npmjs.org/is-buffer/-/is-buffer-1.1.5.tgz"
          }
        }
      }
    },
    "to-regex": {
      "version": "https://registry.npmjs.org/to-regex/-/to-regex-3.0.1.tgz",
      "integrity": "sha1-FTWL7kosg712N3uh3ASdDxiDeq4=",
      "requires": {
        "define-property": "https://registry.npmjs.org/define-property/-/define-property-0.2.5.tgz",
        "extend-shallow": "https://registry.npmjs.org/extend-shallow/-/extend-shallow-2.0.1.tgz",
        "regex-not": "https://registry.npmjs.org/regex-not/-/regex-not-1.0.0.tgz"
      },
      "dependencies": {
        "define-property": {
          "version": "https://registry.npmjs.org/define-property/-/define-property-0.2.5.tgz",
          "integrity": "sha1-w1se+RjsPJkPmlvFe+BKrOxcgRY=",
          "requires": {
            "is-descriptor": "https://registry.npmjs.org/is-descriptor/-/is-descriptor-0.1.6.tgz"
          }
        },
        "is-descriptor": {
          "version": "https://registry.npmjs.org/is-descriptor/-/is-descriptor-0.1.6.tgz",
          "integrity": "sha1-Nm2CQN3kh8pRgjsaufB6EKeCUco=",
          "requires": {
            "is-accessor-descriptor": "https://registry.npmjs.org/is-accessor-descriptor/-/is-accessor-descriptor-0.1.6.tgz",
            "is-data-descriptor": "https://registry.npmjs.org/is-data-descriptor/-/is-data-descriptor-0.1.4.tgz",
            "kind-of": "https://registry.npmjs.org/kind-of/-/kind-of-5.1.0.tgz"
          }
        },
        "kind-of": {
          "version": "https://registry.npmjs.org/kind-of/-/kind-of-5.1.0.tgz",
          "integrity": "sha1-cpyR4thXt6QZofmqZWhcTDP1hF0="
        }
      }
    },
    "to-regex-range": {
      "version": "https://registry.npmjs.org/to-regex-range/-/to-regex-range-2.1.1.tgz",
      "integrity": "sha1-fIDBe53+vlmeJzZ+DU3VWQFB2zg=",
      "requires": {
        "is-number": "https://registry.npmjs.org/is-number/-/is-number-3.0.0.tgz",
        "repeat-string": "https://registry.npmjs.org/repeat-string/-/repeat-string-1.6.1.tgz"
      }
    },
    "union-value": {
      "version": "https://registry.npmjs.org/union-value/-/union-value-1.0.0.tgz",
      "integrity": "sha1-XHHDTLW61dzr4+oM0IIHulqhrqQ=",
      "requires": {
        "arr-union": "https://registry.npmjs.org/arr-union/-/arr-union-3.1.0.tgz",
        "get-value": "https://registry.npmjs.org/get-value/-/get-value-2.0.6.tgz",
        "is-extendable": "https://registry.npmjs.org/is-extendable/-/is-extendable-0.1.1.tgz",
        "set-value": "https://registry.npmjs.org/set-value/-/set-value-0.4.3.tgz"
      },
      "dependencies": {
        "set-value": {
          "version": "https://registry.npmjs.org/set-value/-/set-value-0.4.3.tgz",
          "integrity": "sha1-fbCPnT0i3H945Trzw79GZuzfzPE=",
          "requires": {
            "extend-shallow": "https://registry.npmjs.org/extend-shallow/-/extend-shallow-2.0.1.tgz",
            "is-extendable": "https://registry.npmjs.org/is-extendable/-/is-extendable-0.1.1.tgz",
            "is-plain-object": "https://registry.npmjs.org/is-plain-object/-/is-plain-object-2.0.4.tgz",
            "to-object-path": "https://registry.npmjs.org/to-object-path/-/to-object-path-0.3.0.tgz"
          }
        }
      }
    },
    "unset-value": {
      "version": "https://registry.npmjs.org/unset-value/-/unset-value-1.0.0.tgz",
      "integrity": "sha1-g3aHP30jNRef+x5vw6jtDfyKtVk=",
      "requires": {
        "has-value": "https://registry.npmjs.org/has-value/-/has-value-0.3.1.tgz",
        "isobject": "https://registry.npmjs.org/isobject/-/isobject-3.0.1.tgz"
      },
      "dependencies": {
        "has-value": {
          "version": "https://registry.npmjs.org/has-value/-/has-value-0.3.1.tgz",
          "integrity": "sha1-ex9YutpiyoJ+wKIHgCVlSEWZXh8=",
          "requires": {
            "get-value": "https://registry.npmjs.org/get-value/-/get-value-2.0.6.tgz",
            "has-values": "https://registry.npmjs.org/has-values/-/has-values-0.1.4.tgz",
            "isobject": "https://registry.npmjs.org/isobject/-/isobject-2.1.0.tgz"
          },
          "dependencies": {
            "isobject": {
              "version": "https://registry.npmjs.org/isobject/-/isobject-2.1.0.tgz",
              "integrity": "sha1-8GVWEJaj8dou9GJy+BXIQNh+DIk=",
              "requires": {
                "isarray": "https://registry.npmjs.org/isarray/-/isarray-1.0.0.tgz"
              }
            }
          }
        },
        "has-values": {
          "version": "https://registry.npmjs.org/has-values/-/has-values-0.1.4.tgz",
          "integrity": "sha1-bWHeldkd/Km5oCCJrThL/49it3E="
        }
      }
    },
    "urix": {
      "version": "https://registry.npmjs.org/urix/-/urix-0.1.0.tgz",
      "integrity": "sha1-2pN/emLiH+wf0Y1Js1wpNQZ6bHI="
    },
    "use": {
      "version": "https://registry.npmjs.org/use/-/use-2.0.2.tgz",
      "integrity": "sha1-riig1y+TvyJCKhii43mZMRLeyOg=",
      "requires": {
        "define-property": "https://registry.npmjs.org/define-property/-/define-property-0.2.5.tgz",
        "isobject": "https://registry.npmjs.org/isobject/-/isobject-3.0.1.tgz",
        "lazy-cache": "https://registry.npmjs.org/lazy-cache/-/lazy-cache-2.0.2.tgz"
      },
      "dependencies": {
        "define-property": {
          "version": "https://registry.npmjs.org/define-property/-/define-property-0.2.5.tgz",
          "integrity": "sha1-w1se+RjsPJkPmlvFe+BKrOxcgRY=",
          "requires": {
            "is-descriptor": "https://registry.npmjs.org/is-descriptor/-/is-descriptor-0.1.6.tgz"
          }
        },
        "is-descriptor": {
          "version": "https://registry.npmjs.org/is-descriptor/-/is-descriptor-0.1.6.tgz",
          "integrity": "sha1-Nm2CQN3kh8pRgjsaufB6EKeCUco=",
          "requires": {
            "is-accessor-descriptor": "https://registry.npmjs.org/is-accessor-descriptor/-/is-accessor-descriptor-0.1.6.tgz",
            "is-data-descriptor": "https://registry.npmjs.org/is-data-descriptor/-/is-data-descriptor-0.1.4.tgz",
            "kind-of": "https://registry.npmjs.org/kind-of/-/kind-of-5.1.0.tgz"
          }
        },
        "kind-of": {
          "version": "https://registry.npmjs.org/kind-of/-/kind-of-5.1.0.tgz",
          "integrity": "sha1-cpyR4thXt6QZofmqZWhcTDP1hF0="
        }
      }
    },
    "uuid": {
      "version": "https://registry.npmjs.org/uuid/-/uuid-3.1.0.tgz",
      "integrity": "sha1-PdPT55Crwk17DToDT/q6vijrvAQ="
    }
  }
}
